
Microsoft Visual Studio Solution File, Format Version 12.00
# Visual Studio 2013
VisualStudioVersion = 12.0.30501.0
MinimumVisualStudioVersion = 10.0.40219.1
Project("{FAE04EC0-301F-11D3-BF4B-00C04F79EFBC}") = "C_sharp", "C_sharp\C_sharp.csproj", "{6D3D7056-5E74-4528-AD51-5A718E93CBC1}"
EndProject
Global
	GlobalSection(SolutionConfigurationPlatforms) = preSolution
		Debug|Any CPU = Debug|Any CPU
		Release|Any CPU = Release|Any CPU
	EndGlobalSection
	GlobalSection(ProjectConfigurationPlatforms) = postSolution
		{6D3D7056-5E74-4528-AD51-5A718E93CBC1}.Debug|Any CPU.ActiveCfg = Debug|Any CPU
		{6D3D7056-5E74-4528-AD51-5A718E93CBC1}.Debug|Any CPU.Build.0 = Debug|Any CPU
		{6D3D7056-5E74-4528-AD51-5A718E93CBC1}.Release|Any CPU.ActiveCfg = Release|Any CPU
		{6D3D7056-5E74-4528-AD51-5A718E93CBC1}.Release|Any CPU.Build.0 = Release|Any CPU
	EndGlobalSection
	GlobalSection(SolutionProperties) = preSolution
		HideSolutionNode = FALSE
	EndGlobalSection
EndGlobal
